
Microsoft Visual Studio Solution File, Format Version 12.00
# Visual Studio Version 17
VisualStudioVersion = 17.5.002.0
MinimumVisualStudioVersion = 10.0.40219.1
Project("{2150E333-8FDC-42A3-9474-1A3956D46DE8}") = "sandbox", "sandbox", "{E5D28C2A-0D2E-4135-ACF0-0884E51F4378}"
EndProject
Project("{9A19103F-16F7-4668-BE54-9A1E7A4F7556}") = "sandbox_project", "sandbox\sandbox_project\sandbox_project.csproj", "{FA514D48-BEA1-4D3B-BB59-1502D3D54F25}"
EndProject
Project("{2150E333-8FDC-42A3-9474-1A3956D46DE8}") = "week01", "week01", "{95B7B2A3-02F8-42E6-B119-30657877DCAC}"
EndProject
Project("{9A19103F-16F7-4668-BE54-9A1E7A4F7556}") = "analyze", "week01\analyze\analyze.csproj", "{17A4ECBD-E8ED-414E-A2C6-18BC9C0681D8}"
EndProject
Project("{9A19103F-16F7-4668-BE54-9A1E7A4F7556}") = "code", "week01\code\code.csproj", "{85F9D539-05C3-4027-8AFE-5F36B12F61F5}"
EndProject
Project("{9A19103F-16F7-4668-BE54-9A1E7A4F7556}") = "teach", "week01\teach\teach.csproj", "{C15AEF7D-CD59-4775-A77F-DB984DDD7751}"
EndProject
Project("{2150E333-8FDC-42A3-9474-1A3956D46DE8}") = "week02", "week02", "{A6AB78F0-A71E-4319-BF6F-081B8EDC33FA}"
EndProject
Project("{9A19103F-16F7-4668-BE54-9A1E7A4F7556}") = "analyze", "week02\analyze\analyze.csproj", "{26631468-6B73-4779-81FA-3856E2C22FE4}"
EndProject
Project("{9A19103F-16F7-4668-BE54-9A1E7A4F7556}") = "code", "week02\code\code.csproj", "{79280AB4-3946-4780-9BAE-6475D4FCB658}"
EndProject
Project("{9A19103F-16F7-4668-BE54-9A1E7A4F7556}") = "learn", "week02\learn\learn.csproj", "{CF28786E-6447-42EF-BF49-0FAC68ED2E98}"
EndProject
Project("{9A19103F-16F7-4668-BE54-9A1E7A4F7556}") = "teach", "week02\teach\teach.csproj", "{075F30FA-FA4F-4E5B-A2FE-9FA0426818C1}"
EndProject
Project("{2150E333-8FDC-42A3-9474-1A3956D46DE8}") = "week03", "week03", "{7AAB2ADC-2C20-4826-AB02-8609AABC62EB}"
EndProject
Project("{9A19103F-16F7-4668-BE54-9A1E7A4F7556}") = "code", "week03\code\code.csproj", "{71B4EC82-B9C3-4EAB-8FAE-39A8DDE9B8B3}"
EndProject
Project("{9A19103F-16F7-4668-BE54-9A1E7A4F7556}") = "learn", "week03\learn\learn.csproj", "{331C6136-263A-4A8F-8327-DA77599E749C}"
EndProject
Project("{9A19103F-16F7-4668-BE54-9A1E7A4F7556}") = "teach", "week03\teach\teach.csproj", "{E87FF792-1690-4499-A0E7-858E8A37DE23}"
EndProject
Project("{2150E333-8FDC-42A3-9474-1A3956D46DE8}") = "week04", "week04", "{A103F74A-2BD6-4EEB-A32C-1D9ACCEC5395}"
EndProject
Project("{9A19103F-16F7-4668-BE54-9A1E7A4F7556}") = "code", "week04\code\code.csproj", "{06324189-7878-4558-9C34-BFF5B1594796}"
EndProject
Project("{2150E333-8FDC-42A3-9474-1A3956D46DE8}") = "week05", "week05", "{36C7AF08-296F-4CCE-B02C-B7CA3F33EAF6}"
EndProject
Project("{9A19103F-16F7-4668-BE54-9A1E7A4F7556}") = "code", "week05\code\code.csproj", "{0B6474A6-A7BB-4069-9E93-5338CB001ED3}"
EndProject
Project("{2150E333-8FDC-42A3-9474-1A3956D46DE8}") = "week06", "week06", "{24B71B35-CDE4-41BF-B172-463A3904E635}"
EndProject
Project("{9A19103F-16F7-4668-BE54-9A1E7A4F7556}") = "code", "week06\code\code.csproj", "{637D6D74-BD4B-462C-85B5-AF3854A38AD4}"
EndProject
Global
	GlobalSection(SolutionConfigurationPlatforms) = preSolution
		Debug|Any CPU = Debug|Any CPU
		Release|Any CPU = Release|Any CPU
	EndGlobalSection
	GlobalSection(ProjectConfigurationPlatforms) = postSolution
		{FA514D48-BEA1-4D3B-BB59-1502D3D54F25}.Debug|Any CPU.ActiveCfg = Debug|Any CPU
		{FA514D48-BEA1-4D3B-BB59-1502D3D54F25}.Debug|Any CPU.Build.0 = Debug|Any CPU
		{FA514D48-BEA1-4D3B-BB59-1502D3D54F25}.Release|Any CPU.ActiveCfg = Release|Any CPU
		{FA514D48-BEA1-4D3B-BB59-1502D3D54F25}.Release|Any CPU.Build.0 = Release|Any CPU
		{17A4ECBD-E8ED-414E-A2C6-18BC9C0681D8}.Debug|Any CPU.ActiveCfg = Debug|Any CPU
		{17A4ECBD-E8ED-414E-A2C6-18BC9C0681D8}.Debug|Any CPU.Build.0 = Debug|Any CPU
		{17A4ECBD-E8ED-414E-A2C6-18BC9C0681D8}.Release|Any CPU.ActiveCfg = Release|Any CPU
		{17A4ECBD-E8ED-414E-A2C6-18BC9C0681D8}.Release|Any CPU.Build.0 = Release|Any CPU
		{85F9D539-05C3-4027-8AFE-5F36B12F61F5}.Debug|Any CPU.ActiveCfg = Debug|Any CPU
		{85F9D539-05C3-4027-8AFE-5F36B12F61F5}.Debug|Any CPU.Build.0 = Debug|Any CPU
		{85F9D539-05C3-4027-8AFE-5F36B12F61F5}.Release|Any CPU.ActiveCfg = Release|Any CPU
		{85F9D539-05C3-4027-8AFE-5F36B12F61F5}.Release|Any CPU.Build.0 = Release|Any CPU
		{C15AEF7D-CD59-4775-A77F-DB984DDD7751}.Debug|Any CPU.ActiveCfg = Debug|Any CPU
		{C15AEF7D-CD59-4775-A77F-DB984DDD7751}.Debug|Any CPU.Build.0 = Debug|Any CPU
		{C15AEF7D-CD59-4775-A77F-DB984DDD7751}.Release|Any CPU.ActiveCfg = Release|Any CPU
		{C15AEF7D-CD59-4775-A77F-DB984DDD7751}.Release|Any CPU.Build.0 = Release|Any CPU
		{26631468-6B73-4779-81FA-3856E2C22FE4}.Debug|Any CPU.ActiveCfg = Debug|Any CPU
		{26631468-6B73-4779-81FA-3856E2C22FE4}.Debug|Any CPU.Build.0 = Debug|Any CPU
		{26631468-6B73-4779-81FA-3856E2C22FE4}.Release|Any CPU.ActiveCfg = Release|Any CPU
		{26631468-6B73-4779-81FA-3856E2C22FE4}.Release|Any CPU.Build.0 = Release|Any CPU
		{79280AB4-3946-4780-9BAE-6475D4FCB658}.Debug|Any CPU.ActiveCfg = Debug|Any CPU
		{79280AB4-3946-4780-9BAE-6475D4FCB658}.Debug|Any CPU.Build.0 = Debug|Any CPU
		{79280AB4-3946-4780-9BAE-6475D4FCB658}.Release|Any CPU.ActiveCfg = Release|Any CPU
		{79280AB4-3946-4780-9BAE-6475D4FCB658}.Release|Any CPU.Build.0 = Release|Any CPU
		{CF28786E-6447-42EF-BF49-0FAC68ED2E98}.Debug|Any CPU.ActiveCfg = Debug|Any CPU
		{CF28786E-6447-42EF-BF49-0FAC68ED2E98}.Debug|Any CPU.Build.0 = Debug|Any CPU
		{CF28786E-6447-42EF-BF49-0FAC68ED2E98}.Release|Any CPU.ActiveCfg = Release|Any CPU
		{CF28786E-6447-42EF-BF49-0FAC68ED2E98}.Release|Any CPU.Build.0 = Release|Any CPU
		{075F30FA-FA4F-4E5B-A2FE-9FA0426818C1}.Debug|Any CPU.ActiveCfg = Debug|Any CPU
		{075F30FA-FA4F-4E5B-A2FE-9FA0426818C1}.Debug|Any CPU.Build.0 = Debug|Any CPU
		{075F30FA-FA4F-4E5B-A2FE-9FA0426818C1}.Release|Any CPU.ActiveCfg = Release|Any CPU
		{075F30FA-FA4F-4E5B-A2FE-9FA0426818C1}.Release|Any CPU.Build.0 = Release|Any CPU
		{71B4EC82-B9C3-4EAB-8FAE-39A8DDE9B8B3}.Debug|Any CPU.ActiveCfg = Debug|Any CPU
		{71B4EC82-B9C3-4EAB-8FAE-39A8DDE9B8B3}.Debug|Any CPU.Build.0 = Debug|Any CPU
		{71B4EC82-B9C3-4EAB-8FAE-39A8DDE9B8B3}.Release|Any CPU.ActiveCfg = Release|Any CPU
		{71B4EC82-B9C3-4EAB-8FAE-39A8DDE9B8B3}.Release|Any CPU.Build.0 = Release|Any CPU
		{331C6136-263A-4A8F-8327-DA77599E749C}.Debug|Any CPU.ActiveCfg = Debug|Any CPU
		{331C6136-263A-4A8F-8327-DA77599E749C}.Debug|Any CPU.Build.0 = Debug|Any CPU
		{331C6136-263A-4A8F-8327-DA77599E749C}.Release|Any CPU.ActiveCfg = Release|Any CPU
		{331C6136-263A-4A8F-8327-DA77599E749C}.Release|Any CPU.Build.0 = Release|Any CPU
		{E87FF792-1690-4499-A0E7-858E8A37DE23}.Debug|Any CPU.ActiveCfg = Debug|Any CPU
		{E87FF792-1690-4499-A0E7-858E8A37DE23}.Debug|Any CPU.Build.0 = Debug|Any CPU
		{E87FF792-1690-4499-A0E7-858E8A37DE23}.Release|Any CPU.ActiveCfg = Release|Any CPU
		{E87FF792-1690-4499-A0E7-858E8A37DE23}.Release|Any CPU.Build.0 = Release|Any CPU
		{06324189-7878-4558-9C34-BFF5B1594796}.Debug|Any CPU.ActiveCfg = Debug|Any CPU
		{06324189-7878-4558-9C34-BFF5B1594796}.Debug|Any CPU.Build.0 = Debug|Any CPU
		{06324189-7878-4558-9C34-BFF5B1594796}.Release|Any CPU.ActiveCfg = Release|Any CPU
		{06324189-7878-4558-9C34-BFF5B1594796}.Release|Any CPU.Build.0 = Release|Any CPU
		{0B6474A6-A7BB-4069-9E93-5338CB001ED3}.Debug|Any CPU.ActiveCfg = Debug|Any CPU
		{0B6474A6-A7BB-4069-9E93-5338CB001ED3}.Debug|Any CPU.Build.0 = Debug|Any CPU
		{0B6474A6-A7BB-4069-9E93-5338CB001ED3}.Release|Any CPU.ActiveCfg = Release|Any CPU
		{0B6474A6-A7BB-4069-9E93-5338CB001ED3}.Release|Any CPU.Build.0 = Release|Any CPU
		{637D6D74-BD4B-462C-85B5-AF3854A38AD4}.Debug|Any CPU.ActiveCfg = Debug|Any CPU
		{637D6D74-BD4B-462C-85B5-AF3854A38AD4}.Debug|Any CPU.Build.0 = Debug|Any CPU
		{637D6D74-BD4B-462C-85B5-AF3854A38AD4}.Release|Any CPU.ActiveCfg = Release|Any CPU
		{637D6D74-BD4B-462C-85B5-AF3854A38AD4}.Release|Any CPU.Build.0 = Release|Any CPU
	EndGlobalSection
	GlobalSection(SolutionProperties) = preSolution
		HideSolutionNode = FALSE
	EndGlobalSection
	GlobalSection(NestedProjects) = preSolution
		{FA514D48-BEA1-4D3B-BB59-1502D3D54F25} = {E5D28C2A-0D2E-4135-ACF0-0884E51F4378}
		{17A4ECBD-E8ED-414E-A2C6-18BC9C0681D8} = {95B7B2A3-02F8-42E6-B119-30657877DCAC}
		{85F9D539-05C3-4027-8AFE-5F36B12F61F5} = {95B7B2A3-02F8-42E6-B119-30657877DCAC}
		{C15AEF7D-CD59-4775-A77F-DB984DDD7751} = {95B7B2A3-02F8-42E6-B119-30657877DCAC}
		{26631468-6B73-4779-81FA-3856E2C22FE4} = {A6AB78F0-A71E-4319-BF6F-081B8EDC33FA}
		{79280AB4-3946-4780-9BAE-6475D4FCB658} = {A6AB78F0-A71E-4319-BF6F-081B8EDC33FA}
		{CF28786E-6447-42EF-BF49-0FAC68ED2E98} = {A6AB78F0-A71E-4319-BF6F-081B8EDC33FA}
		{075F30FA-FA4F-4E5B-A2FE-9FA0426818C1} = {A6AB78F0-A71E-4319-BF6F-081B8EDC33FA}
		{71B4EC82-B9C3-4EAB-8FAE-39A8DDE9B8B3} = {7AAB2ADC-2C20-4826-AB02-8609AABC62EB}
		{331C6136-263A-4A8F-8327-DA77599E749C} = {7AAB2ADC-2C20-4826-AB02-8609AABC62EB}
		{E87FF792-1690-4499-A0E7-858E8A37DE23} = {7AAB2ADC-2C20-4826-AB02-8609AABC62EB}
		{06324189-7878-4558-9C34-BFF5B1594796} = {A103F74A-2BD6-4EEB-A32C-1D9ACCEC5395}
		{0B6474A6-A7BB-4069-9E93-5338CB001ED3} = {36C7AF08-296F-4CCE-B02C-B7CA3F33EAF6}
		{637D6D74-BD4B-462C-85B5-AF3854A38AD4} = {24B71B35-CDE4-41BF-B172-463A3904E635}
	EndGlobalSection
	GlobalSection(ExtensibilityGlobals) = postSolution
		SolutionGuid = {D9034136-421A-4580-BF7B-58C99AC4D5AC}
	EndGlobalSection
EndGlobal
